
Microsoft Visual Studio Solution File, Format Version 12.00
# Visual Studio Version 17
VisualStudioVersion = 17.0.31903.59
MinimumVisualStudioVersion = 10.0.40219.1
Project("{FAE04EC0-301F-11D3-BF4B-00C04F79EFBC}") = "Common", "Common\Common.csproj", "{1C87C78F-C5AF-49AC-A524-7480EEB32ED6}"
EndProject
Project("{FAE04EC0-301F-11D3-BF4B-00C04F79EFBC}") = "OrderPlus", "OrderPlus\OrderPlus.csproj", "{0B804FF3-7431-44A8-B607-C415A36F752F}"
EndProject
Global
	GlobalSection(SolutionConfigurationPlatforms) = preSolution
		Debug|Any CPU = Debug|Any CPU
		Release|Any CPU = Release|Any CPU
	EndGlobalSection
	GlobalSection(SolutionProperties) = preSolution
		HideSolutionNode = FALSE
	EndGlobalSection
	GlobalSection(ProjectConfigurationPlatforms) = postSolution
		{1C87C78F-C5AF-49AC-A524-7480EEB32ED6}.Debug|Any CPU.ActiveCfg = Debug|Any CPU
		{1C87C78F-C5AF-49AC-A524-7480EEB32ED6}.Debug|Any CPU.Build.0 = Debug|Any CPU
		{1C87C78F-C5AF-49AC-A524-7480EEB32ED6}.Release|Any CPU.ActiveCfg = Release|Any CPU
		{1C87C78F-C5AF-49AC-A524-7480EEB32ED6}.Release|Any CPU.Build.0 = Release|Any CPU
		{0B804FF3-7431-44A8-B607-C415A36F752F}.Debug|Any CPU.ActiveCfg = Debug|Any CPU
		{0B804FF3-7431-44A8-B607-C415A36F752F}.Debug|Any CPU.Build.0 = Debug|Any CPU
		{0B804FF3-7431-44A8-B607-C415A36F752F}.Release|Any CPU.ActiveCfg = Release|Any CPU
		{0B804FF3-7431-44A8-B607-C415A36F752F}.Release|Any CPU.Build.0 = Release|Any CPU
	EndGlobalSection
EndGlobal
